
Microsoft Visual Studio Solution File, Format Version 12.00
# Visual Studio Version 16
VisualStudioVersion = 16.0.31321.278
MinimumVisualStudioVersion = 10.0.40219.1
Project("{8BC9CEB8-8B4A-11D0-8D11-00A0C91BC942}") = "RAVESLI", "RAVESLI\RAVESLI.vcxproj", "{0B5991AA-86B3-4738-87B8-8E523D4B471C}"
EndProject
Project("{2150E333-8FDC-42A3-9474-1A3956D46DE8}") = "Solution Items", "Solution Items", "{A475CD6E-B1EE-46A5-AC7B-82B47DAAEA9E}"
	ProjectSection(SolutionItems) = preProject
		..\..\..\OneDrive\Рабочий стол\C++\C++Concepts.txt = ..\..\..\OneDrive\Рабочий стол\C++\C++Concepts.txt
	EndProjectSection
EndProject
Global
	GlobalSection(SolutionConfigurationPlatforms) = preSolution
		Debug|x64 = Debug|x64
		Debug|x86 = Debug|x86
		Release|x64 = Release|x64
		Release|x86 = Release|x86
	EndGlobalSection
	GlobalSection(ProjectConfigurationPlatforms) = postSolution
		{0B5991AA-86B3-4738-87B8-8E523D4B471C}.Debug|x64.ActiveCfg = Debug|x64
		{0B5991AA-86B3-4738-87B8-8E523D4B471C}.Debug|x64.Build.0 = Debug|x64
		{0B5991AA-86B3-4738-87B8-8E523D4B471C}.Debug|x86.ActiveCfg = Debug|Win32
		{0B5991AA-86B3-4738-87B8-8E523D4B471C}.Debug|x86.Build.0 = Debug|Win32
		{0B5991AA-86B3-4738-87B8-8E523D4B471C}.Release|x64.ActiveCfg = Release|x64
		{0B5991AA-86B3-4738-87B8-8E523D4B471C}.Release|x64.Build.0 = Release|x64
		{0B5991AA-86B3-4738-87B8-8E523D4B471C}.Release|x86.ActiveCfg = Release|Win32
		{0B5991AA-86B3-4738-87B8-8E523D4B471C}.Release|x86.Build.0 = Release|Win32
	EndGlobalSection
	GlobalSection(SolutionProperties) = preSolution
		HideSolutionNode = FALSE
	EndGlobalSection
	GlobalSection(ExtensibilityGlobals) = postSolution
		SolutionGuid = {5F5EA3BC-70E7-4559-8F2E-144E155720DC}
	EndGlobalSection
EndGlobal
